
Microsoft Visual Studio Solution File, Format Version 12.00
# Visual Studio Version 18
VisualStudioVersion = 18.6.11806.211
MinimumVisualStudioVersion = 10.0.40219.1
Project("{FAE04EC0-301F-11D3-BF4B-00C04F79EFBC}") = "OCULIS", "OCULIS.csproj", "{2BEB4741-FA54-A8C9-9A99-198533374041}"
EndProject
Global
	GlobalSection(SolutionConfigurationPlatforms) = preSolution
		Debug|Any CPU = Debug|Any CPU
		Release|Any CPU = Release|Any CPU
	EndGlobalSection
	GlobalSection(ProjectConfigurationPlatforms) = postSolution
		{2BEB4741-FA54-A8C9-9A99-198533374041}.Debug|Any CPU.ActiveCfg = Debug|Any CPU
		{2BEB4741-FA54-A8C9-9A99-198533374041}.Debug|Any CPU.Build.0 = Debug|Any CPU
		{2BEB4741-FA54-A8C9-9A99-198533374041}.Release|Any CPU.ActiveCfg = Release|Any CPU
		{2BEB4741-FA54-A8C9-9A99-198533374041}.Release|Any CPU.Build.0 = Release|Any CPU
	EndGlobalSection
	GlobalSection(SolutionProperties) = preSolution
		HideSolutionNode = FALSE
	EndGlobalSection
	GlobalSection(ExtensibilityGlobals) = postSolution
		SolutionGuid = {EE23617B-8418-4EB4-901C-4598B0B829C3}
	EndGlobalSection
EndGlobal
